
Microsoft Visual Studio Solution File, Format Version 12.00
# Visual Studio Version 16
VisualStudioVersion = 16.0.32228.343
MinimumVisualStudioVersion = 10.0.40219.1
Project("{FAE04EC0-301F-11D3-BF4B-00C04F79EFBC}") = "DictionariesFiles", "Dictionaries\DictionariesFiles.csproj", "{C05C160A-1434-4B81-85D6-92EBA10495FE}"
EndProject
Global
	GlobalSection(SolutionConfigurationPlatforms) = preSolution
		Debug|Any CPU = Debug|Any CPU
		Release|Any CPU = Release|Any CPU
	EndGlobalSection
	GlobalSection(ProjectConfigurationPlatforms) = postSolution
		{C05C160A-1434-4B81-85D6-92EBA10495FE}.Debug|Any CPU.ActiveCfg = Debug|Any CPU
		{C05C160A-1434-4B81-85D6-92EBA10495FE}.Debug|Any CPU.Build.0 = Debug|Any CPU
		{C05C160A-1434-4B81-85D6-92EBA10495FE}.Release|Any CPU.ActiveCfg = Release|Any CPU
		{C05C160A-1434-4B81-85D6-92EBA10495FE}.Release|Any CPU.Build.0 = Release|Any CPU
	EndGlobalSection
	GlobalSection(SolutionProperties) = preSolution
		HideSolutionNode = FALSE
	EndGlobalSection
	GlobalSection(ExtensibilityGlobals) = postSolution
		SolutionGuid = {359EDB6A-2D48-4591-A152-C717995DF5F5}
	EndGlobalSection
EndGlobal
